
Microsoft Visual Studio Solution File, Format Version 12.00
# Visual Studio 15
VisualStudioVersion = 15.0.28307.1209
MinimumVisualStudioVersion = 10.0.40219.1
Project("{159641D6-6404-4A2A-AE62-294DE0FE8301}") = "QL_Asmie_Boreja_ETL_Project", "QL_Asmie_Boreja_ETL_Project\QL_Asmie_Boreja_ETL_Project.dtproj", "{9A088150-9836-458B-987D-D66A464F8448}"
EndProject
Global
	GlobalSection(SolutionConfigurationPlatforms) = preSolution
		Development|Default = Development|Default
	EndGlobalSection
	GlobalSection(ProjectConfigurationPlatforms) = postSolution
		{9A088150-9836-458B-987D-D66A464F8448}.Development|Default.ActiveCfg = Development
		{9A088150-9836-458B-987D-D66A464F8448}.Development|Default.Build.0 = Development
	EndGlobalSection
	GlobalSection(SolutionProperties) = preSolution
		HideSolutionNode = FALSE
	EndGlobalSection
	GlobalSection(ExtensibilityGlobals) = postSolution
		SolutionGuid = {269D3188-0441-42CE-81CA-02C678E21187}
	EndGlobalSection
EndGlobal
