
Microsoft Visual Studio Solution File, Format Version 12.00
# Visual Studio 15
VisualStudioVersion = 15.0.28307.1209
MinimumVisualStudioVersion = 10.0.40219.1
Project("{159641D6-6404-4A2A-AE62-294DE0FE8301}") = "Duna_Asmie_Boreja_ETL_Pro", "Duna_Asmie_Boreja_ETL_Pro\Duna_Asmie_Boreja_ETL_Pro.dtproj", "{20411566-AE9B-48DA-ADF9-D6AFCADDDA46}"
EndProject
Global
	GlobalSection(SolutionConfigurationPlatforms) = preSolution
		Development|Default = Development|Default
	EndGlobalSection
	GlobalSection(ProjectConfigurationPlatforms) = postSolution
		{20411566-AE9B-48DA-ADF9-D6AFCADDDA46}.Development|Default.ActiveCfg = Development
		{20411566-AE9B-48DA-ADF9-D6AFCADDDA46}.Development|Default.Build.0 = Development
	EndGlobalSection
	GlobalSection(SolutionProperties) = preSolution
		HideSolutionNode = FALSE
	EndGlobalSection
	GlobalSection(ExtensibilityGlobals) = postSolution
		SolutionGuid = {A08846B7-3F9F-48B7-8C4A-31D7846C79EF}
	EndGlobalSection
EndGlobal
